
Microsoft Visual Studio Solution File, Format Version 12.00
# Visual Studio Version 17
VisualStudioVersion = 17.0.31903.59
MinimumVisualStudioVersion = 10.0.40219.1
Project("{FAE04EC0-301F-11D3-BF4B-00C04F79EFBC}") = "BuberBreakfast", "BuberBreakfast.csproj", "{FE15E930-BE5B-4F0E-B149-DB6E4D1B1695}"
EndProject
Project("{FAE04EC0-301F-11D3-BF4B-00C04F79EFBC}") = "BuberBreakfast.Contracts", "..\BuberBreakfast.Contracts\BuberBreakfast.Contracts.csproj", "{7F2F39C2-77C8-46EF-A707-1C06D6322B26}"
EndProject
Global
	GlobalSection(SolutionConfigurationPlatforms) = preSolution
		Debug|Any CPU = Debug|Any CPU
		Release|Any CPU = Release|Any CPU
	EndGlobalSection
	GlobalSection(SolutionProperties) = preSolution
		HideSolutionNode = FALSE
	EndGlobalSection
	GlobalSection(ProjectConfigurationPlatforms) = postSolution
		{FE15E930-BE5B-4F0E-B149-DB6E4D1B1695}.Debug|Any CPU.ActiveCfg = Debug|Any CPU
		{FE15E930-BE5B-4F0E-B149-DB6E4D1B1695}.Debug|Any CPU.Build.0 = Debug|Any CPU
		{FE15E930-BE5B-4F0E-B149-DB6E4D1B1695}.Release|Any CPU.ActiveCfg = Release|Any CPU
		{FE15E930-BE5B-4F0E-B149-DB6E4D1B1695}.Release|Any CPU.Build.0 = Release|Any CPU
		{7F2F39C2-77C8-46EF-A707-1C06D6322B26}.Debug|Any CPU.ActiveCfg = Debug|Any CPU
		{7F2F39C2-77C8-46EF-A707-1C06D6322B26}.Debug|Any CPU.Build.0 = Debug|Any CPU
		{7F2F39C2-77C8-46EF-A707-1C06D6322B26}.Release|Any CPU.ActiveCfg = Release|Any CPU
		{7F2F39C2-77C8-46EF-A707-1C06D6322B26}.Release|Any CPU.Build.0 = Release|Any CPU
	EndGlobalSection
EndGlobal
